
Microsoft Visual Studio Solution File, Format Version 12.00
# Visual Studio Version 16
VisualStudioVersion = 16.0.30517.126
MinimumVisualStudioVersion = 10.0.40219.1
Project("{FAE04EC0-301F-11D3-BF4B-00C04F79EFBC}") = "ForLoops", "ForLoops\ForLoops.csproj", "{ABE8171D-48D8-4A73-A837-FA17A0794DA7}"
EndProject
Project("{FAE04EC0-301F-11D3-BF4B-00C04F79EFBC}") = "OnTwoLoops", "OnTwoLoops\OnTwoLoops.csproj", "{E79B83E4-BE2B-4C56-9D1F-AD347046F563}"
EndProject
Project("{FAE04EC0-301F-11D3-BF4B-00C04F79EFBC}") = "BottleSong", "BottleSong\BottleSong.csproj", "{C6710AE3-3807-48CE-8634-CBC49DDD3C75}"
EndProject
Project("{FAE04EC0-301F-11D3-BF4B-00C04F79EFBC}") = "MultiplicationTable", "MultiplicationTable\MultiplicationTable.csproj", "{843DE0BB-EC52-49F2-B366-19E8A428201B}"
EndProject
Project("{FAE04EC0-301F-11D3-BF4B-00C04F79EFBC}") = "CalculatingSum", "CalculatingSum\CalculatingSum.csproj", "{366C2E24-F722-4615-8816-126753F6A0EA}"
EndProject
Global
	GlobalSection(SolutionConfigurationPlatforms) = preSolution
		Debug|Any CPU = Debug|Any CPU
		Release|Any CPU = Release|Any CPU
	EndGlobalSection
	GlobalSection(ProjectConfigurationPlatforms) = postSolution
		{ABE8171D-48D8-4A73-A837-FA17A0794DA7}.Debug|Any CPU.ActiveCfg = Debug|Any CPU
		{ABE8171D-48D8-4A73-A837-FA17A0794DA7}.Debug|Any CPU.Build.0 = Debug|Any CPU
		{ABE8171D-48D8-4A73-A837-FA17A0794DA7}.Release|Any CPU.ActiveCfg = Release|Any CPU
		{ABE8171D-48D8-4A73-A837-FA17A0794DA7}.Release|Any CPU.Build.0 = Release|Any CPU
		{E79B83E4-BE2B-4C56-9D1F-AD347046F563}.Debug|Any CPU.ActiveCfg = Debug|Any CPU
		{E79B83E4-BE2B-4C56-9D1F-AD347046F563}.Debug|Any CPU.Build.0 = Debug|Any CPU
		{E79B83E4-BE2B-4C56-9D1F-AD347046F563}.Release|Any CPU.ActiveCfg = Release|Any CPU
		{E79B83E4-BE2B-4C56-9D1F-AD347046F563}.Release|Any CPU.Build.0 = Release|Any CPU
		{C6710AE3-3807-48CE-8634-CBC49DDD3C75}.Debug|Any CPU.ActiveCfg = Debug|Any CPU
		{C6710AE3-3807-48CE-8634-CBC49DDD3C75}.Debug|Any CPU.Build.0 = Debug|Any CPU
		{C6710AE3-3807-48CE-8634-CBC49DDD3C75}.Release|Any CPU.ActiveCfg = Release|Any CPU
		{C6710AE3-3807-48CE-8634-CBC49DDD3C75}.Release|Any CPU.Build.0 = Release|Any CPU
		{843DE0BB-EC52-49F2-B366-19E8A428201B}.Debug|Any CPU.ActiveCfg = Debug|Any CPU
		{843DE0BB-EC52-49F2-B366-19E8A428201B}.Debug|Any CPU.Build.0 = Debug|Any CPU
		{843DE0BB-EC52-49F2-B366-19E8A428201B}.Release|Any CPU.ActiveCfg = Release|Any CPU
		{843DE0BB-EC52-49F2-B366-19E8A428201B}.Release|Any CPU.Build.0 = Release|Any CPU
		{366C2E24-F722-4615-8816-126753F6A0EA}.Debug|Any CPU.ActiveCfg = Debug|Any CPU
		{366C2E24-F722-4615-8816-126753F6A0EA}.Debug|Any CPU.Build.0 = Debug|Any CPU
		{366C2E24-F722-4615-8816-126753F6A0EA}.Release|Any CPU.ActiveCfg = Release|Any CPU
		{366C2E24-F722-4615-8816-126753F6A0EA}.Release|Any CPU.Build.0 = Release|Any CPU
	EndGlobalSection
	GlobalSection(SolutionProperties) = preSolution
		HideSolutionNode = FALSE
	EndGlobalSection
	GlobalSection(ExtensibilityGlobals) = postSolution
		SolutionGuid = {BDCD7C72-05F8-47A2-ABC1-8692EBC95449}
	EndGlobalSection
EndGlobal
